
Microsoft Visual Studio Solution File, Format Version 12.00
# Visual Studio 15
VisualStudioVersion = 15.0.28010.2003
MinimumVisualStudioVersion = 10.0.40219.1
Project("{FAE04EC0-301F-11D3-BF4B-00C04F79EFBC}") = "Auctionhouse", "Auctionhouse\Auctionhouse.csproj", "{DDE7F286-14D2-40D9-BE32-B88D9D335CE5}"
EndProject
Global
	GlobalSection(SolutionConfigurationPlatforms) = preSolution
		Debug|Any CPU = Debug|Any CPU
		Release|Any CPU = Release|Any CPU
	EndGlobalSection
	GlobalSection(ProjectConfigurationPlatforms) = postSolution
		{DDE7F286-14D2-40D9-BE32-B88D9D335CE5}.Debug|Any CPU.ActiveCfg = Debug|Any CPU
		{DDE7F286-14D2-40D9-BE32-B88D9D335CE5}.Debug|Any CPU.Build.0 = Debug|Any CPU
		{DDE7F286-14D2-40D9-BE32-B88D9D335CE5}.Release|Any CPU.ActiveCfg = Release|Any CPU
		{DDE7F286-14D2-40D9-BE32-B88D9D335CE5}.Release|Any CPU.Build.0 = Release|Any CPU
	EndGlobalSection
	GlobalSection(SolutionProperties) = preSolution
		HideSolutionNode = FALSE
	EndGlobalSection
	GlobalSection(ExtensibilityGlobals) = postSolution
		SolutionGuid = {ADFBDA5C-DE18-4D48-A6B7-D49458F69511}
	EndGlobalSection
EndGlobal
